
Microsoft Visual Studio Solution File, Format Version 12.00
# Visual Studio Version 16
VisualStudioVersion = 16.0.30523.141
MinimumVisualStudioVersion = 10.0.40219.1
Project("{FAE04EC0-301F-11D3-BF4B-00C04F79EFBC}") = "Hw4", "Hw4\Hw4.csproj", "{3E7EDDA9-33A2-4C33-B628-64D1BBB59DD4}"
EndProject
Global
	GlobalSection(SolutionConfigurationPlatforms) = preSolution
		Debug|Any CPU = Debug|Any CPU
		Release|Any CPU = Release|Any CPU
	EndGlobalSection
	GlobalSection(ProjectConfigurationPlatforms) = postSolution
		{3E7EDDA9-33A2-4C33-B628-64D1BBB59DD4}.Debug|Any CPU.ActiveCfg = Debug|Any CPU
		{3E7EDDA9-33A2-4C33-B628-64D1BBB59DD4}.Debug|Any CPU.Build.0 = Debug|Any CPU
		{3E7EDDA9-33A2-4C33-B628-64D1BBB59DD4}.Release|Any CPU.ActiveCfg = Release|Any CPU
		{3E7EDDA9-33A2-4C33-B628-64D1BBB59DD4}.Release|Any CPU.Build.0 = Release|Any CPU
	EndGlobalSection
	GlobalSection(SolutionProperties) = preSolution
		HideSolutionNode = FALSE
	EndGlobalSection
	GlobalSection(ExtensibilityGlobals) = postSolution
		SolutionGuid = {78FC2609-9163-44F1-AE4B-8033C50FDC4D}
	EndGlobalSection
EndGlobal
