
Microsoft Visual Studio Solution File, Format Version 12.00
# Visual Studio Version 16
VisualStudioVersion = 16.0.30503.244
MinimumVisualStudioVersion = 10.0.40219.1
Project("{FAE04EC0-301F-11D3-BF4B-00C04F79EFBC}") = "Hw1", "Hw1\Hw1.csproj", "{343CF568-D17B-467A-8A8E-3F8FD1B7EAF3}"
EndProject
Global
	GlobalSection(SolutionConfigurationPlatforms) = preSolution
		Debug|Any CPU = Debug|Any CPU
		Release|Any CPU = Release|Any CPU
	EndGlobalSection
	GlobalSection(ProjectConfigurationPlatforms) = postSolution
		{343CF568-D17B-467A-8A8E-3F8FD1B7EAF3}.Debug|Any CPU.ActiveCfg = Debug|Any CPU
		{343CF568-D17B-467A-8A8E-3F8FD1B7EAF3}.Debug|Any CPU.Build.0 = Debug|Any CPU
		{343CF568-D17B-467A-8A8E-3F8FD1B7EAF3}.Release|Any CPU.ActiveCfg = Release|Any CPU
		{343CF568-D17B-467A-8A8E-3F8FD1B7EAF3}.Release|Any CPU.Build.0 = Release|Any CPU
	EndGlobalSection
	GlobalSection(SolutionProperties) = preSolution
		HideSolutionNode = FALSE
	EndGlobalSection
	GlobalSection(ExtensibilityGlobals) = postSolution
		SolutionGuid = {26F3522E-410E-43AE-AE56-AA17F7540F2E}
	EndGlobalSection
EndGlobal
