
Microsoft Visual Studio Solution File, Format Version 12.00
# Visual Studio Version 16
VisualStudioVersion = 16.0.30503.244
MinimumVisualStudioVersion = 10.0.40219.1
Project("{FAE04EC0-301F-11D3-BF4B-00C04F79EFBC}") = "Hw2", "Hw2\Hw2.csproj", "{1FA1507C-8461-4065-9A8E-EB073198BBB3}"
EndProject
Global
	GlobalSection(SolutionConfigurationPlatforms) = preSolution
		Debug|Any CPU = Debug|Any CPU
		Release|Any CPU = Release|Any CPU
	EndGlobalSection
	GlobalSection(ProjectConfigurationPlatforms) = postSolution
		{1FA1507C-8461-4065-9A8E-EB073198BBB3}.Debug|Any CPU.ActiveCfg = Debug|Any CPU
		{1FA1507C-8461-4065-9A8E-EB073198BBB3}.Debug|Any CPU.Build.0 = Debug|Any CPU
		{1FA1507C-8461-4065-9A8E-EB073198BBB3}.Release|Any CPU.ActiveCfg = Release|Any CPU
		{1FA1507C-8461-4065-9A8E-EB073198BBB3}.Release|Any CPU.Build.0 = Release|Any CPU
	EndGlobalSection
	GlobalSection(SolutionProperties) = preSolution
		HideSolutionNode = FALSE
	EndGlobalSection
	GlobalSection(ExtensibilityGlobals) = postSolution
		SolutionGuid = {E065FFB4-1278-4453-BC8F-F2758FA6A7E2}
	EndGlobalSection
EndGlobal
